
Microsoft Visual Studio Solution File, Format Version 12.00
# Visual Studio Version 17
VisualStudioVersion = 17.0.31912.275
MinimumVisualStudioVersion = 10.0.40219.1
Project("{9A19103F-16F7-4668-BE54-9A1E7A4F7556}") = "SchoolApp.Server", "SchoolApp\Server\SchoolApp.Server.csproj", "{87710CB1-234C-4EB1-B013-9DFE3117E0A0}"
EndProject
Project("{9A19103F-16F7-4668-BE54-9A1E7A4F7556}") = "SchoolApp.Client", "SchoolApp\Client\SchoolApp.Client.csproj", "{ADDDDF86-9B16-4FEA-B6D3-5B50D5F1E87C}"
EndProject
Project("{9A19103F-16F7-4668-BE54-9A1E7A4F7556}") = "SchoolApp.Shared", "SchoolApp\Shared\SchoolApp.Shared.csproj", "{2B84276B-662E-4684-B804-DA2280C25836}"
EndProject
Project("{2150E333-8FDC-42A3-9474-1A3956D46DE8}") = "1. Presentation Layer", "1. Presentation Layer", "{216AE1E7-E357-4EF3-B805-F0712A7A7E08}"
EndProject
Project("{2150E333-8FDC-42A3-9474-1A3956D46DE8}") = "2. Client", "2. Client", "{4F5E8791-057A-4FFE-AD03-5CF7AE3D61BE}"
EndProject
Project("{2150E333-8FDC-42A3-9474-1A3956D46DE8}") = "3. Server", "3. Server", "{185E7FBE-B1E0-49D6-8B33-1C4B894E27D8}"
EndProject
Project("{2150E333-8FDC-42A3-9474-1A3956D46DE8}") = "4. Core", "4. Core", "{16AEF5A0-B74A-4F79-B61B-DC244C9B436F}"
EndProject
Project("{2150E333-8FDC-42A3-9474-1A3956D46DE8}") = "5. Business Layer", "5. Business Layer", "{C8819031-06C0-4E29-91E7-53FC4058D357}"
EndProject
Project("{2150E333-8FDC-42A3-9474-1A3956D46DE8}") = "6. Resource Access", "6. Resource Access", "{4CFBCF5D-5207-47A6-865D-F39828AE5EE2}"
EndProject
Project("{9A19103F-16F7-4668-BE54-9A1E7A4F7556}") = "Core.Common", "Core.Common\Core.Common.csproj", "{05D27C66-3932-4D9C-9EAC-26C6744FB33F}"
EndProject
Project("{9A19103F-16F7-4668-BE54-9A1E7A4F7556}") = "Core.Contracts", "Core.Contracts\Core.Contracts.csproj", "{F12FCBBF-337F-4E9B-8A6D-70454FCD1BB0}"
EndProject
Project("{9A19103F-16F7-4668-BE54-9A1E7A4F7556}") = "SchoolApp.Data", "SchoolApp.Data\SchoolApp.Data.csproj", "{DBC3B52B-4EB9-400A-9B71-D8F8E4B4263E}"
EndProject
Project("{9A19103F-16F7-4668-BE54-9A1E7A4F7556}") = "SchoolApp.Data.Contracts", "SchoolApp.Data.Contracts\SchoolApp.Data.Contracts.csproj", "{3FB59036-3672-4EBA-9A67-272756E4A4A5}"
EndProject
Project("{9A19103F-16F7-4668-BE54-9A1E7A4F7556}") = "SchoolApp.Data.DbObjects", "SchoolApp.Data.DbObjects\SchoolApp.Data.DbObjects.csproj", "{1A712A5C-8609-4E1B-8133-8F1E5C663B19}"
EndProject
Project("{9A19103F-16F7-4668-BE54-9A1E7A4F7556}") = "SchoolApp.Data.Mapper", "SchoolApp.Data.Mapper\SchoolApp.Data.Mapper.csproj", "{9A7C78AB-40FC-4A2C-9D1C-A6DBC98E47CE}"
EndProject
Project("{9A19103F-16F7-4668-BE54-9A1E7A4F7556}") = "SchoolApp.Business", "SchoolApp.Business\SchoolApp.Business.csproj", "{20FA5155-AD11-441D-BA25-15B2731BD3BF}"
EndProject
Project("{9A19103F-16F7-4668-BE54-9A1E7A4F7556}") = "SchoolApp.Business.Entities", "SchoolApp.Business.Entities\SchoolApp.Business.Entities.csproj", "{C9B8D66C-9196-45C7-8059-80DFA7675024}"
EndProject
Project("{9A19103F-16F7-4668-BE54-9A1E7A4F7556}") = "SchoolApp.Client.Contracts", "SchoolApp.Client.Contracts\SchoolApp.Client.Contracts.csproj", "{9A3A5021-6651-4F1D-A3A2-059EEAD5CB1C}"
EndProject
Project("{9A19103F-16F7-4668-BE54-9A1E7A4F7556}") = "SchoolApp.Client.Entities", "SchoolApp.Client.Entities\SchoolApp.Client.Entities.csproj", "{9C3A1430-8DF4-4BF2-9C52-C996A244EDB7}"
EndProject
Project("{9A19103F-16F7-4668-BE54-9A1E7A4F7556}") = "SchoolApp.Client.Services", "SchoolApp.Client.Services\SchoolApp.Client.Services.csproj", "{28E0F381-0AD3-4B05-A80E-7D0201DD8265}"
EndProject
Global
	GlobalSection(SolutionConfigurationPlatforms) = preSolution
		Debug|Any CPU = Debug|Any CPU
		Release|Any CPU = Release|Any CPU
	EndGlobalSection
	GlobalSection(ProjectConfigurationPlatforms) = postSolution
		{87710CB1-234C-4EB1-B013-9DFE3117E0A0}.Debug|Any CPU.ActiveCfg = Debug|Any CPU
		{87710CB1-234C-4EB1-B013-9DFE3117E0A0}.Debug|Any CPU.Build.0 = Debug|Any CPU
		{87710CB1-234C-4EB1-B013-9DFE3117E0A0}.Release|Any CPU.ActiveCfg = Release|Any CPU
		{87710CB1-234C-4EB1-B013-9DFE3117E0A0}.Release|Any CPU.Build.0 = Release|Any CPU
		{ADDDDF86-9B16-4FEA-B6D3-5B50D5F1E87C}.Debug|Any CPU.ActiveCfg = Debug|Any CPU
		{ADDDDF86-9B16-4FEA-B6D3-5B50D5F1E87C}.Debug|Any CPU.Build.0 = Debug|Any CPU
		{ADDDDF86-9B16-4FEA-B6D3-5B50D5F1E87C}.Release|Any CPU.ActiveCfg = Release|Any CPU
		{ADDDDF86-9B16-4FEA-B6D3-5B50D5F1E87C}.Release|Any CPU.Build.0 = Release|Any CPU
		{2B84276B-662E-4684-B804-DA2280C25836}.Debug|Any CPU.ActiveCfg = Debug|Any CPU
		{2B84276B-662E-4684-B804-DA2280C25836}.Debug|Any CPU.Build.0 = Debug|Any CPU
		{2B84276B-662E-4684-B804-DA2280C25836}.Release|Any CPU.ActiveCfg = Release|Any CPU
		{2B84276B-662E-4684-B804-DA2280C25836}.Release|Any CPU.Build.0 = Release|Any CPU
		{05D27C66-3932-4D9C-9EAC-26C6744FB33F}.Debug|Any CPU.ActiveCfg = Debug|Any CPU
		{05D27C66-3932-4D9C-9EAC-26C6744FB33F}.Debug|Any CPU.Build.0 = Debug|Any CPU
		{05D27C66-3932-4D9C-9EAC-26C6744FB33F}.Release|Any CPU.ActiveCfg = Release|Any CPU
		{05D27C66-3932-4D9C-9EAC-26C6744FB33F}.Release|Any CPU.Build.0 = Release|Any CPU
		{F12FCBBF-337F-4E9B-8A6D-70454FCD1BB0}.Debug|Any CPU.ActiveCfg = Debug|Any CPU
		{F12FCBBF-337F-4E9B-8A6D-70454FCD1BB0}.Debug|Any CPU.Build.0 = Debug|Any CPU
		{F12FCBBF-337F-4E9B-8A6D-70454FCD1BB0}.Release|Any CPU.ActiveCfg = Release|Any CPU
		{F12FCBBF-337F-4E9B-8A6D-70454FCD1BB0}.Release|Any CPU.Build.0 = Release|Any CPU
		{DBC3B52B-4EB9-400A-9B71-D8F8E4B4263E}.Debug|Any CPU.ActiveCfg = Debug|Any CPU
		{DBC3B52B-4EB9-400A-9B71-D8F8E4B4263E}.Debug|Any CPU.Build.0 = Debug|Any CPU
		{DBC3B52B-4EB9-400A-9B71-D8F8E4B4263E}.Release|Any CPU.ActiveCfg = Release|Any CPU
		{DBC3B52B-4EB9-400A-9B71-D8F8E4B4263E}.Release|Any CPU.Build.0 = Release|Any CPU
		{3FB59036-3672-4EBA-9A67-272756E4A4A5}.Debug|Any CPU.ActiveCfg = Debug|Any CPU
		{3FB59036-3672-4EBA-9A67-272756E4A4A5}.Debug|Any CPU.Build.0 = Debug|Any CPU
		{3FB59036-3672-4EBA-9A67-272756E4A4A5}.Release|Any CPU.ActiveCfg = Release|Any CPU
		{3FB59036-3672-4EBA-9A67-272756E4A4A5}.Release|Any CPU.Build.0 = Release|Any CPU
		{1A712A5C-8609-4E1B-8133-8F1E5C663B19}.Debug|Any CPU.ActiveCfg = Debug|Any CPU
		{1A712A5C-8609-4E1B-8133-8F1E5C663B19}.Debug|Any CPU.Build.0 = Debug|Any CPU
		{1A712A5C-8609-4E1B-8133-8F1E5C663B19}.Release|Any CPU.ActiveCfg = Release|Any CPU
		{1A712A5C-8609-4E1B-8133-8F1E5C663B19}.Release|Any CPU.Build.0 = Release|Any CPU
		{9A7C78AB-40FC-4A2C-9D1C-A6DBC98E47CE}.Debug|Any CPU.ActiveCfg = Debug|Any CPU
		{9A7C78AB-40FC-4A2C-9D1C-A6DBC98E47CE}.Debug|Any CPU.Build.0 = Debug|Any CPU
		{9A7C78AB-40FC-4A2C-9D1C-A6DBC98E47CE}.Release|Any CPU.ActiveCfg = Release|Any CPU
		{9A7C78AB-40FC-4A2C-9D1C-A6DBC98E47CE}.Release|Any CPU.Build.0 = Release|Any CPU
		{20FA5155-AD11-441D-BA25-15B2731BD3BF}.Debug|Any CPU.ActiveCfg = Debug|Any CPU
		{20FA5155-AD11-441D-BA25-15B2731BD3BF}.Debug|Any CPU.Build.0 = Debug|Any CPU
		{20FA5155-AD11-441D-BA25-15B2731BD3BF}.Release|Any CPU.ActiveCfg = Release|Any CPU
		{20FA5155-AD11-441D-BA25-15B2731BD3BF}.Release|Any CPU.Build.0 = Release|Any CPU
		{C9B8D66C-9196-45C7-8059-80DFA7675024}.Debug|Any CPU.ActiveCfg = Debug|Any CPU
		{C9B8D66C-9196-45C7-8059-80DFA7675024}.Debug|Any CPU.Build.0 = Debug|Any CPU
		{C9B8D66C-9196-45C7-8059-80DFA7675024}.Release|Any CPU.ActiveCfg = Release|Any CPU
		{C9B8D66C-9196-45C7-8059-80DFA7675024}.Release|Any CPU.Build.0 = Release|Any CPU
		{9A3A5021-6651-4F1D-A3A2-059EEAD5CB1C}.Debug|Any CPU.ActiveCfg = Debug|Any CPU
		{9A3A5021-6651-4F1D-A3A2-059EEAD5CB1C}.Debug|Any CPU.Build.0 = Debug|Any CPU
		{9A3A5021-6651-4F1D-A3A2-059EEAD5CB1C}.Release|Any CPU.ActiveCfg = Release|Any CPU
		{9A3A5021-6651-4F1D-A3A2-059EEAD5CB1C}.Release|Any CPU.Build.0 = Release|Any CPU
		{9C3A1430-8DF4-4BF2-9C52-C996A244EDB7}.Debug|Any CPU.ActiveCfg = Debug|Any CPU
		{9C3A1430-8DF4-4BF2-9C52-C996A244EDB7}.Debug|Any CPU.Build.0 = Debug|Any CPU
		{9C3A1430-8DF4-4BF2-9C52-C996A244EDB7}.Release|Any CPU.ActiveCfg = Release|Any CPU
		{9C3A1430-8DF4-4BF2-9C52-C996A244EDB7}.Release|Any CPU.Build.0 = Release|Any CPU
		{28E0F381-0AD3-4B05-A80E-7D0201DD8265}.Debug|Any CPU.ActiveCfg = Debug|Any CPU
		{28E0F381-0AD3-4B05-A80E-7D0201DD8265}.Debug|Any CPU.Build.0 = Debug|Any CPU
		{28E0F381-0AD3-4B05-A80E-7D0201DD8265}.Release|Any CPU.ActiveCfg = Release|Any CPU
		{28E0F381-0AD3-4B05-A80E-7D0201DD8265}.Release|Any CPU.Build.0 = Release|Any CPU
	EndGlobalSection
	GlobalSection(SolutionProperties) = preSolution
		HideSolutionNode = FALSE
	EndGlobalSection
	GlobalSection(NestedProjects) = preSolution
		{87710CB1-234C-4EB1-B013-9DFE3117E0A0} = {185E7FBE-B1E0-49D6-8B33-1C4B894E27D8}
		{ADDDDF86-9B16-4FEA-B6D3-5B50D5F1E87C} = {216AE1E7-E357-4EF3-B805-F0712A7A7E08}
		{2B84276B-662E-4684-B804-DA2280C25836} = {185E7FBE-B1E0-49D6-8B33-1C4B894E27D8}
		{05D27C66-3932-4D9C-9EAC-26C6744FB33F} = {16AEF5A0-B74A-4F79-B61B-DC244C9B436F}
		{F12FCBBF-337F-4E9B-8A6D-70454FCD1BB0} = {16AEF5A0-B74A-4F79-B61B-DC244C9B436F}
		{DBC3B52B-4EB9-400A-9B71-D8F8E4B4263E} = {4CFBCF5D-5207-47A6-865D-F39828AE5EE2}
		{3FB59036-3672-4EBA-9A67-272756E4A4A5} = {4CFBCF5D-5207-47A6-865D-F39828AE5EE2}
		{1A712A5C-8609-4E1B-8133-8F1E5C663B19} = {4CFBCF5D-5207-47A6-865D-F39828AE5EE2}
		{9A7C78AB-40FC-4A2C-9D1C-A6DBC98E47CE} = {4CFBCF5D-5207-47A6-865D-F39828AE5EE2}
		{20FA5155-AD11-441D-BA25-15B2731BD3BF} = {C8819031-06C0-4E29-91E7-53FC4058D357}
		{C9B8D66C-9196-45C7-8059-80DFA7675024} = {C8819031-06C0-4E29-91E7-53FC4058D357}
		{9A3A5021-6651-4F1D-A3A2-059EEAD5CB1C} = {4F5E8791-057A-4FFE-AD03-5CF7AE3D61BE}
		{9C3A1430-8DF4-4BF2-9C52-C996A244EDB7} = {4F5E8791-057A-4FFE-AD03-5CF7AE3D61BE}
		{28E0F381-0AD3-4B05-A80E-7D0201DD8265} = {4F5E8791-057A-4FFE-AD03-5CF7AE3D61BE}
	EndGlobalSection
	GlobalSection(ExtensibilityGlobals) = postSolution
		SolutionGuid = {0478171A-70A8-418B-824E-1BCACFD0AF79}
	EndGlobalSection
EndGlobal
